
Microsoft Visual Studio Solution File, Format Version 12.00
# Visual Studio Version 16
VisualStudioVersion = 16.0.29709.97
MinimumVisualStudioVersion = 10.0.40219.1
Project("{FAE04EC0-301F-11D3-BF4B-00C04F79EFBC}") = "HW12", "HW12\HW12.csproj", "{D32786F7-5552-40D5-A4C3-256E338D19D3}"
EndProject
Global
	GlobalSection(SolutionConfigurationPlatforms) = preSolution
		Debug|Any CPU = Debug|Any CPU
		Release|Any CPU = Release|Any CPU
	EndGlobalSection
	GlobalSection(ProjectConfigurationPlatforms) = postSolution
		{D32786F7-5552-40D5-A4C3-256E338D19D3}.Debug|Any CPU.ActiveCfg = Debug|Any CPU
		{D32786F7-5552-40D5-A4C3-256E338D19D3}.Debug|Any CPU.Build.0 = Debug|Any CPU
		{D32786F7-5552-40D5-A4C3-256E338D19D3}.Release|Any CPU.ActiveCfg = Release|Any CPU
		{D32786F7-5552-40D5-A4C3-256E338D19D3}.Release|Any CPU.Build.0 = Release|Any CPU
	EndGlobalSection
	GlobalSection(SolutionProperties) = preSolution
		HideSolutionNode = FALSE
	EndGlobalSection
	GlobalSection(ExtensibilityGlobals) = postSolution
		SolutionGuid = {453CCB70-2901-401D-BA0B-AFF072C2EA77}
	EndGlobalSection
EndGlobal
