
Microsoft Visual Studio Solution File, Format Version 12.00
# Visual Studio Version 16
VisualStudioVersion = 16.0.29519.87
MinimumVisualStudioVersion = 10.0.40219.1
Project("{9A19103F-16F7-4668-BE54-9A1E7A4F7556}") = "HW03.Task1", "HW03.Task1\HW03.Task1.csproj", "{9316C22A-6D7C-49FB-9951-AAA002E368EA}"
EndProject
Project("{9A19103F-16F7-4668-BE54-9A1E7A4F7556}") = "HW03.Task2", "HW3.Task2\HW03.Task2.csproj", "{6035AAE2-4C2F-4645-8596-4942D0BC4009}"
EndProject
Project("{FAE04EC0-301F-11D3-BF4B-00C04F79EFBC}") = "HW04.Task1", "HW04.Task1\HW04.Task1.csproj", "{C170C8F9-95F0-4534-859E-DA234D1CD10B}"
EndProject
Global
	GlobalSection(SolutionConfigurationPlatforms) = preSolution
		Debug|Any CPU = Debug|Any CPU
		Release|Any CPU = Release|Any CPU
	EndGlobalSection
	GlobalSection(ProjectConfigurationPlatforms) = postSolution
		{9316C22A-6D7C-49FB-9951-AAA002E368EA}.Debug|Any CPU.ActiveCfg = Debug|Any CPU
		{9316C22A-6D7C-49FB-9951-AAA002E368EA}.Debug|Any CPU.Build.0 = Debug|Any CPU
		{9316C22A-6D7C-49FB-9951-AAA002E368EA}.Release|Any CPU.ActiveCfg = Release|Any CPU
		{9316C22A-6D7C-49FB-9951-AAA002E368EA}.Release|Any CPU.Build.0 = Release|Any CPU
		{6035AAE2-4C2F-4645-8596-4942D0BC4009}.Debug|Any CPU.ActiveCfg = Debug|Any CPU
		{6035AAE2-4C2F-4645-8596-4942D0BC4009}.Debug|Any CPU.Build.0 = Debug|Any CPU
		{6035AAE2-4C2F-4645-8596-4942D0BC4009}.Release|Any CPU.ActiveCfg = Release|Any CPU
		{6035AAE2-4C2F-4645-8596-4942D0BC4009}.Release|Any CPU.Build.0 = Release|Any CPU
		{C170C8F9-95F0-4534-859E-DA234D1CD10B}.Debug|Any CPU.ActiveCfg = Debug|Any CPU
		{C170C8F9-95F0-4534-859E-DA234D1CD10B}.Debug|Any CPU.Build.0 = Debug|Any CPU
		{C170C8F9-95F0-4534-859E-DA234D1CD10B}.Release|Any CPU.ActiveCfg = Release|Any CPU
		{C170C8F9-95F0-4534-859E-DA234D1CD10B}.Release|Any CPU.Build.0 = Release|Any CPU
	EndGlobalSection
	GlobalSection(SolutionProperties) = preSolution
		HideSolutionNode = FALSE
	EndGlobalSection
	GlobalSection(ExtensibilityGlobals) = postSolution
		SolutionGuid = {F175904A-DC87-4BC8-88D9-4408C649BA37}
	EndGlobalSection
EndGlobal
